// !$*UTF8*$!
{
	archiveVersion = 1;
	classes = {
	};
	objectVersion = 50;
	objects = {

/* Begin PBXBuildFile section */
		FA0919D221216785001CB018 /* AppDelegate.m in Sources */ = {isa = PBXBuildFile; fileRef = FA0919D121216785001CB018 /* AppDelegate.m */; };
		FA0919D521216785001CB018 /* ViewController.m in Sources */ = {isa = PBXBuildFile; fileRef = FA0919D421216785001CB018 /* ViewController.m */; };
		FA0919D821216785001CB018 /* Main.storyboard in Resources */ = {isa = PBXBuildFile; fileRef = FA0919D621216785001CB018 /* Main.storyboard */; };
		FA0919DA21216787001CB018 /* Assets.xcassets in Resources */ = {isa = PBXBuildFile; fileRef = FA0919D921216787001CB018 /* Assets.xcassets */; };
		FA0919DD21216787001CB018 /* LaunchScreen.storyboard in Resources */ = {isa = PBXBuildFile; fileRef = FA0919DB21216787001CB018 /* LaunchScreen.storyboard */; };
		FA0919E021216787001CB018 /* main.m in Sources */ = {isa = PBXBuildFile; fileRef = FA0919DF21216787001CB018 /* main.m */; };
		FA0919EA21216787001CB018 /* _8_0813Tests.m in Sources */ = {isa = PBXBuildFile; fileRef = FA0919E921216787001CB018 /* _8_0813Tests.m */; };
		FA0919F521216787001CB018 /* _8_0813UITests.m in Sources */ = {isa = PBXBuildFile; fileRef = FA0919F421216787001CB018 /* _8_0813UITests.m */; };
		FA091A04212167D0001CB018 /* TestObject.m in Sources */ = {isa = PBXBuildFile; fileRef = FA091A03212167D0001CB018 /* TestObject.m */; };
		FA091A07212274BA001CB018 /* MMNotification.m in Sources */ = {isa = PBXBuildFile; fileRef = FA091A06212274BA001CB018 /* MMNotification.m */; };
/* End PBXBuildFile section */

/* Begin PBXContainerItemProxy section */
		FA0919E621216787001CB018 /* PBXContainerItemProxy */ = {
			isa = PBXContainerItemProxy;
			containerPortal = FA0919C521216785001CB018 /* Project object */;
			proxyType = 1;
			remoteGlobalIDString = FA0919CC21216785001CB018;
			remoteInfo = "18-0813";
		};
		FA0919F121216787001CB018 /* PBXContainerItemProxy */ = {
			isa = PBXContainerItemProxy;
			containerPortal = FA0919C521216785001CB018 /* Project object */;
			proxyType = 1;
			remoteGlobalIDString = FA0919CC21216785001CB018;
			remoteInfo = "18-0813";
		};
/* End PBXContainerItemProxy section */

/* Begin PBXFileReference section */
		FA0919CD21216785001CB018 /* 18-0813.app */ = {isa = PBXFileReference; explicitFileType = wrapper.application; includeInIndex = 0; path = "18-0813.app"; sourceTree = BUILT_PRODUCTS_DIR; };
		FA0919D021216785001CB018 /* AppDelegate.h */ = {isa = PBXFileReference; lastKnownFileType = sourcecode.c.h; path = AppDelegate.h; sourceTree = "<group>"; };
		FA0919D121216785001CB018 /* AppDelegate.m */ = {isa = PBXFileReference; lastKnownFileType = sourcecode.c.objc; path = AppDelegate.m; sourceTree = "<group>"; };
		FA0919D321216785001CB018 /* ViewController.h */ = {isa = PBXFileReference; lastKnownFileType = sourcecode.c.h; path = ViewController.h; sourceTree = "<group>"; };
		FA0919D421216785001CB018 /* ViewController.m */ = {isa = PBXFileReference; lastKnownFileType = sourcecode.c.objc; path = ViewController.m; sourceTree = "<group>"; };
		FA0919D721216785001CB018 /* Base */ = {isa = PBXFileReference; lastKnownFileType = file.storyboard; name = Base; path = Base.lproj/Main.storyboard; sourceTree = "<group>"; };
		FA0919D921216787001CB018 /* Assets.xcassets */ = {isa = PBXFileReference; lastKnownFileType = folder.assetcatalog; path = Assets.xcassets; sourceTree = "<group>"; };
		FA0919DC21216787001CB018 /* Base */ = {isa = PBXFileReference; lastKnownFileType = file.storyboard; name = Base; path = Base.lproj/LaunchScreen.storyboard; sourceTree = "<group>"; };
		FA0919DE21216787001CB018 /* Info.plist */ = {isa = PBXFileReference; lastKnownFileType = text.plist.xml; path = Info.plist; sourceTree = "<group>"; };
		FA0919DF21216787001CB018 /* main.m */ = {isa = PBXFileReference; lastKnownFileType = sourcecode.c.objc; path = main.m; sourceTree = "<group>"; };
		FA0919E521216787001CB018 /* 18-0813Tests.xctest */ = {isa = PBXFileReference; explicitFileType = wrapper.cfbundle; includeInIndex = 0; path = "18-0813Tests.xctest"; sourceTree = BUILT_PRODUCTS_DIR; };
		FA0919E921216787001CB018 /* _8_0813Tests.m */ = {isa = PBXFileReference; lastKnownFileType = sourcecode.c.objc; path = _8_0813Tests.m; sourceTree = "<group>"; };
		FA0919EB21216787001CB018 /* Info.plist */ = {isa = PBXFileReference; lastKnownFileType = text.plist.xml; path = Info.plist; sourceTree = "<group>"; };
		FA0919F021216787001CB018 /* 18-0813UITests.xctest */ = {isa = PBXFileReference; explicitFileType = wrapper.cfbundle; includeInIndex = 0; path = "18-0813UITests.xctest"; sourceTree = BUILT_PRODUCTS_DIR; };
		FA0919F421216787001CB018 /* _8_0813UITests.m */ = {isa = PBXFileReference; lastKnownFileType = sourcecode.c.objc; path = _8_0813UITests.m; sourceTree = "<group>"; };
		FA0919F621216787001CB018 /* Info.plist */ = {isa = PBXFileReference; lastKnownFileType = text.plist.xml; path = Info.plist; sourceTree = "<group>"; };
		FA091A02212167D0001CB018 /* TestObject.h */ = {isa = PBXFileReference; lastKnownFileType = sourcecode.c.h; path = TestObject.h; sourceTree = "<group>"; };
		FA091A03212167D0001CB018 /* TestObject.m */ = {isa = PBXFileReference; lastKnownFileType = sourcecode.c.objc; path = TestObject.m; sourceTree = "<group>"; };
		FA091A05212274BA001CB018 /* MMNotification.h */ = {isa = PBXFileReference; lastKnownFileType = sourcecode.c.h; path = MMNotification.h; sourceTree = "<group>"; };
		FA091A06212274BA001CB018 /* MMNotification.m */ = {isa = PBXFileReference; lastKnownFileType = sourcecode.c.objc; path = MMNotification.m; sourceTree = "<group>"; };
/* End PBXFileReference section */

/* Begin PBXFrameworksBuildPhase section */
		FA0919CA21216785001CB018 /* Frameworks */ = {
			isa = PBXFrameworksBuildPhase;
			buildActionMask = 2147483647;
			files = (
			);
			runOnlyForDeploymentPostprocessing = 0;
		};
		FA0919E221216787001CB018 /* Frameworks */ = {
			isa = PBXFrameworksBuildPhase;
			buildActionMask = 2147483647;
			files = (
			);
			runOnlyForDeploymentPostprocessing = 0;
		};
		FA0919ED21216787001CB018 /* Frameworks */ = {
			isa = PBXFrameworksBuildPhase;
			buildActionMask = 2147483647;
			files = (
			);
			runOnlyForDeploymentPostprocessing = 0;
		};
/* End PBXFrameworksBuildPhase section */

/* Begin PBXGroup section */
		FA0919C421216785001CB018 = {
			isa = PBXGroup;
			children = (
				FA0919CF21216785001CB018 /* 18-0813 */,
				FA0919E821216787001CB018 /* 18-0813Tests */,
				FA0919F321216787001CB018 /* 18-0813UITests */,
				FA0919CE21216785001CB018 /* Products */,
			);
			sourceTree = "<group>";
		};
		FA0919CE21216785001CB018 /* Products */ = {
			isa = PBXGroup;
			children = (
				FA0919CD21216785001CB018 /* 18-0813.app */,
				FA0919E521216787001CB018 /* 18-0813Tests.xctest */,
				FA0919F021216787001CB018 /* 18-0813UITests.xctest */,
			);
			name = Products;
			sourceTree = "<group>";
		};
		FA0919CF21216785001CB018 /* 18-0813 */ = {
			isa = PBXGroup;
			children = (
				FA0919D021216785001CB018 /* AppDelegate.h */,
				FA0919D121216785001CB018 /* AppDelegate.m */,
				FA0919D321216785001CB018 /* ViewController.h */,
				FA0919D421216785001CB018 /* ViewController.m */,
				FA0919D621216785001CB018 /* Main.storyboard */,
				FA0919D921216787001CB018 /* Assets.xcassets */,
				FA0919DB21216787001CB018 /* LaunchScreen.storyboard */,
				FA0919DE21216787001CB018 /* Info.plist */,
				FA0919DF21216787001CB018 /* main.m */,
				FA091A02212167D0001CB018 /* TestObject.h */,
				FA091A03212167D0001CB018 /* TestObject.m */,
				FA091A05212274BA001CB018 /* MMNotification.h */,
				FA091A06212274BA001CB018 /* MMNotification.m */,
			);
			path = "18-0813";
			sourceTree = "<group>";
		};
		FA0919E821216787001CB018 /* 18-0813Tests */ = {
			isa = PBXGroup;
			children = (
				FA0919E921216787001CB018 /* _8_0813Tests.m */,
				FA0919EB21216787001CB018 /* Info.plist */,
			);
			path = "18-0813Tests";
			sourceTree = "<group>";
		};
		FA0919F321216787001CB018 /* 18-0813UITests */ = {
			isa = PBXGroup;
			children = (
				FA0919F421216787001CB018 /* _8_0813UITests.m */,
				FA0919F621216787001CB018 /* Info.plist */,
			);
			path = "18-0813UITests";
			sourceTree = "<group>";
		};
/* End PBXGroup section */

/* Begin PBXNativeTarget section */
		FA0919CC21216785001CB018 /* 18-0813 */ = {
			isa = PBXNativeTarget;
			buildConfigurationList = FA0919F921216787001CB018 /* Build configuration list for PBXNativeTarget "18-0813" */;
			buildPhases = (
				FA0919C921216785001CB018 /* Sources */,
				FA0919CA21216785001CB018 /* Frameworks */,
				FA0919CB21216785001CB018 /* Resources */,
			);
			buildRules = (
			);
			dependencies = (
			);
			name = "18-0813";
			productName = "18-0813";
			productReference = FA0919CD21216785001CB018 /* 18-0813.app */;
			productType = "com.apple.product-type.application";
		};
		FA0919E421216787001CB018 /* 18-0813Tests */ = {
			isa = PBXNativeTarget;
			buildConfigurationList = FA0919FC21216787001CB018 /* Build configuration list for PBXNativeTarget "18-0813Tests" */;
			buildPhases = (
				FA0919E121216787001CB018 /* Sources */,
				FA0919E221216787001CB018 /* Frameworks */,
				FA0919E321216787001CB018 /* Resources */,
			);
			buildRules = (
			);
			dependencies = (
				FA0919E721216787001CB018 /* PBXTargetDependency */,
			);
			name = "18-0813Tests";
			productName = "18-0813Tests";
			productReference = FA0919E521216787001CB018 /* 18-0813Tests.xctest */;
			productType = "com.apple.product-type.bundle.unit-test";
		};
		FA0919EF21216787001CB018 /* 18-0813UITests */ = {
			isa = PBXNativeTarget;
			buildConfigurationList = FA0919FF21216787001CB018 /* Build configuration list for PBXNativeTarget "18-0813UITests" */;
			buildPhases = (
				FA0919EC21216787001CB018 /* Sources */,
				FA0919ED21216787001CB018 /* Frameworks */,
				FA0919EE21216787001CB018 /* Resources */,
			);
			buildRules = (
			);
			dependencies = (
				FA0919F221216787001CB018 /* PBXTargetDependency */,
			);
			name = "18-0813UITests";
			productName = "18-0813UITests";
			productReference = FA0919F021216787001CB018 /* 18-0813UITests.xctest */;
			productType = "com.apple.product-type.bundle.ui-testing";
		};
/* End PBXNativeTarget section */

/* Begin PBXProject section */
		FA0919C521216785001CB018 /* Project object */ = {
			isa = PBXProject;
			attributes = {
				LastUpgradeCheck = 0940;
				ORGANIZATIONNAME = MoMo;
				TargetAttributes = {
					FA0919CC21216785001CB018 = {
						CreatedOnToolsVersion = 9.4.1;
					};
					FA0919E421216787001CB018 = {
						CreatedOnToolsVersion = 9.4.1;
						TestTargetID = FA0919CC21216785001CB018;
					};
					FA0919EF21216787001CB018 = {
						CreatedOnToolsVersion = 9.4.1;
						TestTargetID = FA0919CC21216785001CB018;
					};
				};
			};
			buildConfigurationList = FA0919C821216785001CB018 /* Build configuration list for PBXProject "18-0813" */;
			compatibilityVersion = "Xcode 9.3";
			developmentRegion = en;
			hasScannedForEncodings = 0;
			knownRegions = (
				en,
				Base,
			);
			mainGroup = FA0919C421216785001CB018;
			productRefGroup = FA0919CE21216785001CB018 /* Products */;
			projectDirPath = "";
			projectRoot = "";
			targets = (
				FA0919CC21216785001CB018 /* 18-0813 */,
				FA0919E421216787001CB018 /* 18-0813Tests */,
				FA0919EF21216787001CB018 /* 18-0813UITests */,
			);
		};
/* End PBXProject section */

/* Begin PBXResourcesBuildPhase section */
		FA0919CB21216785001CB018 /* Resources */ = {
			isa = PBXResourcesBuildPhase;
			buildActionMask = 2147483647;
			files = (
				FA0919DD21216787001CB018 /* LaunchScreen.storyboard in Resources */,
				FA0919DA21216787001CB018 /* Assets.xcassets in Resources */,
				FA0919D821216785001CB018 /* Main.storyboard in Resources */,
			);
			runOnlyForDeploymentPostprocessing = 0;
		};
		FA0919E321216787001CB018 /* Resources */ = {
			isa = PBXResourcesBuildPhase;
			buildActionMask = 2147483647;
			files = (
			);
			runOnlyForDeploymentPostprocessing = 0;
		};
		FA0919EE21216787001CB018 /* Resources */ = {
			isa = PBXResourcesBuildPhase;
			buildActionMask = 2147483647;
			files = (
			);
			runOnlyForDeploymentPostprocessing = 0;
		};
/* End PBXResourcesBuildPhase section */

/* Begin PBXSourcesBuildPhase section */
		FA0919C921216785001CB018 /* Sources */ = {
			isa = PBXSourcesBuildPhase;
			buildActionMask = 2147483647;
			files = (
				FA0919D521216785001CB018 /* ViewController.m in Sources */,
				FA0919E021216787001CB018 /* main.m in Sources */,
				FA091A04212167D0001CB018 /* TestObject.m in Sources */,
				FA091A07212274BA001CB018 /* MMNotification.m in Sources */,
				FA0919D221216785001CB018 /* AppDelegate.m in Sources */,
			);
			runOnlyForDeploymentPostprocessing = 0;
		};
		FA0919E121216787001CB018 /* Sources */ = {
			isa = PBXSourcesBuildPhase;
			buildActionMask = 2147483647;
			files = (
				FA0919EA21216787001CB018 /* _8_0813Tests.m in Sources */,
			);
			runOnlyForDeploymentPostprocessing = 0;
		};
		FA0919EC21216787001CB018 /* Sources */ = {
			isa = PBXSourcesBuildPhase;
			buildActionMask = 2147483647;
			files = (
				FA0919F521216787001CB018 /* _8_0813UITests.m in Sources */,
			);
			runOnlyForDeploymentPostprocessing = 0;
		};
/* End PBXSourcesBuildPhase section */

/* Begin PBXTargetDependency section */
		FA0919E721216787001CB018 /* PBXTargetDependency */ = {
			isa = PBXTargetDependency;
			target = FA0919CC21216785001CB018 /* 18-0813 */;
			targetProxy = FA0919E621216787001CB018 /* PBXContainerItemProxy */;
		};
		FA0919F221216787001CB018 /* PBXTargetDependency */ = {
			isa = PBXTargetDependency;
			target = FA0919CC21216785001CB018 /* 18-0813 */;
			targetProxy = FA0919F121216787001CB018 /* PBXContainerItemProxy */;
		};
/* End PBXTargetDependency section */

/* Begin PBXVariantGroup section */
		FA0919D621216785001CB018 /* Main.storyboard */ = {
			isa = PBXVariantGroup;
			children = (
				FA0919D721216785001CB018 /* Base */,
			);
			name = Main.storyboard;
			sourceTree = "<group>";
		};
		FA0919DB21216787001CB018 /* LaunchScreen.storyboard */ = {
			isa = PBXVariantGroup;
			children = (
				FA0919DC21216787001CB018 /* Base */,
			);
			name = LaunchScreen.storyboard;
			sourceTree = "<group>";
		};
/* End PBXVariantGroup section */

/* Begin XCBuildConfiguration section */
		FA0919F721216787001CB018 /* Debug */ = {
			isa = XCBuildConfiguration;
			buildSettings = {
				ALWAYS_SEARCH_USER_PATHS = NO;
				CLANG_ANALYZER_NONNULL = YES;
				CLANG_ANALYZER_NUMBER_OBJECT_CONVERSION = YES_AGGRESSIVE;
				CLANG_CXX_LANGUAGE_STANDARD = "gnu++14";
				CLANG_CXX_LIBRARY = "libc++";
				CLANG_ENABLE_MODULES = YES;
				CLANG_ENABLE_OBJC_ARC = YES;
				CLANG_ENABLE_OBJC_WEAK = YES;
				CLANG_WARN_BLOCK_CAPTURE_AUTORELEASING = YES;
				CLANG_WARN_BOOL_CONVERSION = YES;
				CLANG_WARN_COMMA = YES;
				CLANG_WARN_CONSTANT_CONVERSION = YES;
				CLANG_WARN_DEPRECATED_OBJC_IMPLEMENTATIONS = YES;
				CLANG_WARN_DIRECT_OBJC_ISA_USAGE = YES_ERROR;
				CLANG_WARN_DOCUMENTATION_COMMENTS = YES;
				CLANG_WARN_EMPTY_BODY = YES;
				CLANG_WARN_ENUM_CONVERSION = YES;
				CLANG_WARN_INFINITE_RECURSION = YES;
				CLANG_WARN_INT_CONVERSION = YES;
				CLANG_WARN_NON_LITERAL_NULL_CONVERSION = YES;
				CLANG_WARN_OBJC_IMPLICIT_RETAIN_SELF = YES;
				CLANG_WARN_OBJC_LITERAL_CONVERSION = YES;
				CLANG_WARN_OBJC_ROOT_CLASS = YES_ERROR;
				CLANG_WARN_RANGE_LOOP_ANALYSIS = YES;
				CLANG_WARN_STRICT_PROTOTYPES = YES;
				CLANG_WARN_SUSPICIOUS_MOVE = YES;
				CLANG_WARN_UNGUARDED_AVAILABILITY = YES_AGGRESSIVE;
				CLANG_WARN_UNREACHABLE_CODE = YES;
				CLANG_WARN__DUPLICATE_METHOD_MATCH = YES;
				CODE_SIGN_IDENTITY = "iPhone Developer";
				COPY_PHASE_STRIP = NO;
				DEBUG_INFORMATION_FORMAT = dwarf;
				ENABLE_STRICT_OBJC_MSGSEND = YES;
				ENABLE_TESTABILITY = YES;
				GCC_C_LANGUAGE_STANDARD = gnu11;
				GCC_DYNAMIC_NO_PIC = NO;
				GCC_NO_COMMON_BLOCKS = YES;
				GCC_OPTIMIZATION_LEVEL = 0;
				GCC_PREPROCESSOR_DEFINITIONS = (
					"DEBUG=1",
					"$(inherited)",
				);
				GCC_WARN_64_TO_32_BIT_CONVERSION = YES;
				GCC_WARN_ABOUT_RETURN_TYPE = YES_ERROR;
				GCC_WARN_UNDECLARED_SELECTOR = YES;
				GCC_WARN_UNINITIALIZED_AUTOS = YES_AGGRESSIVE;
				GCC_WARN_UNUSED_FUNCTION = YES;
				GCC_WARN_UNUSED_VARIABLE = YES;
				IPHONEOS_DEPLOYMENT_TARGET = 11.4;
				MTL_ENABLE_DEBUG_INFO = YES;
				ONLY_ACTIVE_ARCH = YES;
				SDKROOT = iphoneos;
			};
			name = Debug;
		};
		FA0919F821216787001CB018 /* Release */ = {
			isa = XCBuildConfiguration;
			buildSettings = {
				ALWAYS_SEARCH_USER_PATHS = NO;
				CLANG_ANALYZER_NONNULL = YES;
				CLANG_ANALYZER_NUMBER_OBJECT_CONVERSION = YES_AGGRESSIVE;
				CLANG_CXX_LANGUAGE_STANDARD = "gnu++14";
				CLANG_CXX_LIBRARY = "libc++";
				CLANG_ENABLE_MODULES = YES;
				CLANG_ENABLE_OBJC_ARC = YES;
				CLANG_ENABLE_OBJC_WEAK = YES;
				CLANG_WARN_BLOCK_CAPTURE_AUTORELEASING = YES;
				CLANG_WARN_BOOL_CONVERSION = YES;
				CLANG_WARN_COMMA = YES;
				CLANG_WARN_CONSTANT_CONVERSION = YES;
				CLANG_WARN_DEPRECATED_OBJC_IMPLEMENTATIONS = YES;
				CLANG_WARN_DIRECT_OBJC_ISA_USAGE = YES_ERROR;
				CLANG_WARN_DOCUMENTATION_COMMENTS = YES;
				CLANG_WARN_EMPTY_BODY = YES;
				CLANG_WARN_ENUM_CONVERSION = YES;
				CLANG_WARN_INFINITE_RECURSION = YES;
				CLANG_WARN_INT_CONVERSION = YES;
				CLANG_WARN_NON_LITERAL_NULL_CONVERSION = YES;
				CLANG_WARN_OBJC_IMPLICIT_RETAIN_SELF = YES;
				CLANG_WARN_OBJC_LITERAL_CONVERSION = YES;
				CLANG_WARN_OBJC_ROOT_CLASS = YES_ERROR;
				CLANG_WARN_RANGE_LOOP_ANALYSIS = YES;
				CLANG_WARN_STRICT_PROTOTYPES = YES;
				CLANG_WARN_SUSPICIOUS_MOVE = YES;
				CLANG_WARN_UNGUARDED_AVAILABILITY = YES_AGGRESSIVE;
				CLANG_WARN_UNREACHABLE_CODE = YES;
				CLANG_WARN__DUPLICATE_METHOD_MATCH = YES;
				CODE_SIGN_IDENTITY = "iPhone Developer";
				COPY_PHASE_STRIP = NO;
				DEBUG_INFORMATION_FORMAT = "dwarf-with-dsym";
				ENABLE_NS_ASSERTIONS = NO;
				ENABLE_STRICT_OBJC_MSGSEND = YES;
				GCC_C_LANGUAGE_STANDARD = gnu11;
				GCC_NO_COMMON_BLOCKS = YES;
				GCC_WARN_64_TO_32_BIT_CONVERSION = YES;
				GCC_WARN_ABOUT_RETURN_TYPE = YES_ERROR;
				GCC_WARN_UNDECLARED_SELECTOR = YES;
				GCC_WARN_UNINITIALIZED_AUTOS = YES_AGGRESSIVE;
				GCC_WARN_UNUSED_FUNCTION = YES;
				GCC_WARN_UNUSED_VARIABLE = YES;
				IPHONEOS_DEPLOYMENT_TARGET = 11.4;
				MTL_ENABLE_DEBUG_INFO = NO;
				SDKROOT = iphoneos;
				VALIDATE_PRODUCT = YES;
			};
			name = Release;
		};
		FA0919FA21216787001CB018 /* Debug */ = {
			isa = XCBuildConfiguration;
			buildSettings = {
				ASSETCATALOG_COMPILER_APPICON_NAME = AppIcon;
				CODE_SIGN_STYLE = Automatic;
				DEVELOPMENT_TEAM = V9C4KDUT3X;
				INFOPLIST_FILE = "18-0813/Info.plist";
				LD_RUNPATH_SEARCH_PATHS = (
					"$(inherited)",
					"@executable_path/Frameworks",
				);
				PRODUCT_BUNDLE_IDENTIFIER = "com.momo.-8-0813";
				PRODUCT_NAME = "$(TARGET_NAME)";
				TARGETED_DEVICE_FAMILY = "1,2";
			};
			name = Debug;
		};
		FA0919FB21216787001CB018 /* Release */ = {
			isa = XCBuildConfiguration;
			buildSettings = {
				ASSETCATALOG_COMPILER_APPICON_NAME = AppIcon;
				CODE_SIGN_STYLE = Automatic;
				DEVELOPMENT_TEAM = V9C4KDUT3X;
				INFOPLIST_FILE = "18-0813/Info.plist";
				LD_RUNPATH_SEARCH_PATHS = (
					"$(inherited)",
					"@executable_path/Frameworks",
				);
				PRODUCT_BUNDLE_IDENTIFIER = "com.momo.-8-0813";
				PRODUCT_NAME = "$(TARGET_NAME)";
				TARGETED_DEVICE_FAMILY = "1,2";
			};
			name = Release;
		};
		FA0919FD21216787001CB018 /* Debug */ = {
			isa = XCBuildConfiguration;
			buildSettings = {
				BUNDLE_LOADER = "$(TEST_HOST)";
				CODE_SIGN_STYLE = Automatic;
				DEVELOPMENT_TEAM = V9C4KDUT3X;
				INFOPLIST_FILE = "18-0813Tests/Info.plist";
				LD_RUNPATH_SEARCH_PATHS = (
					"$(inherited)",
					"@executable_path/Frameworks",
					"@loader_path/Frameworks",
				);
				PRODUCT_BUNDLE_IDENTIFIER = "com.momo.-8-0813Tests";
				PRODUCT_NAME = "$(TARGET_NAME)";
				TARGETED_DEVICE_FAMILY = "1,2";
				TEST_HOST = "$(BUILT_PRODUCTS_DIR)/18-0813.app/18-0813";
			};
			name = Debug;
		};
		FA0919FE21216787001CB018 /* Release */ = {
			isa = XCBuildConfiguration;
			buildSettings = {
				BUNDLE_LOADER = "$(TEST_HOST)";
				CODE_SIGN_STYLE = Automatic;
				DEVELOPMENT_TEAM = V9C4KDUT3X;
				INFOPLIST_FILE = "18-0813Tests/Info.plist";
				LD_RUNPATH_SEARCH_PATHS = (
					"$(inherited)",
					"@executable_path/Frameworks",
					"@loader_path/Frameworks",
				);
				PRODUCT_BUNDLE_IDENTIFIER = "com.momo.-8-0813Tests";
				PRODUCT_NAME = "$(TARGET_NAME)";
				TARGETED_DEVICE_FAMILY = "1,2";
				TEST_HOST = "$(BUILT_PRODUCTS_DIR)/18-0813.app/18-0813";
			};
			name = Release;
		};
		FA091A0021216787001CB018 /* Debug */ = {
			isa = XCBuildConfiguration;
			buildSettings = {
				CODE_SIGN_STYLE = Automatic;
				DEVELOPMENT_TEAM = V9C4KDUT3X;
				INFOPLIST_FILE = "18-0813UITests/Info.plist";
				LD_RUNPATH_SEARCH_PATHS = (
					"$(inherited)",
					"@executable_path/Frameworks",
					"@loader_path/Frameworks",
				);
				PRODUCT_BUNDLE_IDENTIFIER = "com.momo.-8-0813UITests";
				PRODUCT_NAME = "$(TARGET_NAME)";
				TARGETED_DEVICE_FAMILY = "1,2";
				TEST_TARGET_NAME = "18-0813";
			};
			name = Debug;
		};
		FA091A0121216787001CB018 /* Release */ = {
			isa = XCBuildConfiguration;
			buildSettings = {
				CODE_SIGN_STYLE = Automatic;
				DEVELOPMENT_TEAM = V9C4KDUT3X;
				INFOPLIST_FILE = "18-0813UITests/Info.plist";
				LD_RUNPATH_SEARCH_PATHS = (
					"$(inherited)",
					"@executable_path/Frameworks",
					"@loader_path/Frameworks",
				);
				PRODUCT_BUNDLE_IDENTIFIER = "com.momo.-8-0813UITests";
				PRODUCT_NAME = "$(TARGET_NAME)";
				TARGETED_DEVICE_FAMILY = "1,2";
				TEST_TARGET_NAME = "18-0813";
			};
			name = Release;
		};
/* End XCBuildConfiguration section */

/* Begin XCConfigurationList section */
		FA0919C821216785001CB018 /* Build configuration list for PBXProject "18-0813" */ = {
			isa = XCConfigurationList;
			buildConfigurations = (
				FA0919F721216787001CB018 /* Debug */,
				FA0919F821216787001CB018 /* Release */,
			);
			defaultConfigurationIsVisible = 0;
			defaultConfigurationName = Release;
		};
		FA0919F921216787001CB018 /* Build configuration list for PBXNativeTarget "18-0813" */ = {
			isa = XCConfigurationList;
			buildConfigurations = (
				FA0919FA21216787001CB018 /* Debug */,
				FA0919FB21216787001CB018 /* Release */,
			);
			defaultConfigurationIsVisible = 0;
			defaultConfigurationName = Release;
		};
		FA0919FC21216787001CB018 /* Build configuration list for PBXNativeTarget "18-0813Tests" */ = {
			isa = XCConfigurationList;
			buildConfigurations = (
				FA0919FD21216787001CB018 /* Debug */,
				FA0919FE21216787001CB018 /* Release */,
			);
			defaultConfigurationIsVisible = 0;
			defaultConfigurationName = Release;
		};
		FA0919FF21216787001CB018 /* Build configuration list for PBXNativeTarget "18-0813UITests" */ = {
			isa = XCConfigurationList;
			buildConfigurations = (
				FA091A0021216787001CB018 /* Debug */,
				FA091A0121216787001CB018 /* Release */,
			);
			defaultConfigurationIsVisible = 0;
			defaultConfigurationName = Release;
		};
/* End XCConfigurationList section */
	};
	rootObject = FA0919C521216785001CB018 /* Project object */;
}
